
Microsoft Visual Studio Solution File, Format Version 12.00
# Visual Studio Version 16
VisualStudioVersion = 16.0.30114.105
MinimumVisualStudioVersion = 10.0.40219.1
Project("{FAE04EC0-301F-11D3-BF4B-00C04F79EFBC}") = "Spice", "Spice.csproj", "{BD615C74-1903-4821-8415-6F626437869B}"
EndProject
Global
	GlobalSection(SolutionConfigurationPlatforms) = preSolution
		Debug|Any CPU = Debug|Any CPU
		Release|Any CPU = Release|Any CPU
	EndGlobalSection
	GlobalSection(ProjectConfigurationPlatforms) = postSolution
		{BD615C74-1903-4821-8415-6F626437869B}.Debug|Any CPU.ActiveCfg = Debug|Any CPU
		{BD615C74-1903-4821-8415-6F626437869B}.Debug|Any CPU.Build.0 = Debug|Any CPU
		{BD615C74-1903-4821-8415-6F626437869B}.Release|Any CPU.ActiveCfg = Release|Any CPU
		{BD615C74-1903-4821-8415-6F626437869B}.Release|Any CPU.Build.0 = Release|Any CPU
	EndGlobalSection
	GlobalSection(SolutionProperties) = preSolution
		HideSolutionNode = FALSE
	EndGlobalSection
	GlobalSection(ExtensibilityGlobals) = postSolution
		SolutionGuid = {5D1379CB-5445-4C93-A406-19E71398881D}
	EndGlobalSection
EndGlobal
